
Microsoft Visual Studio Solution File, Format Version 12.00
# Visual Studio 15
Project("{FAE04EC0-301F-11D3-BF4B-00C04F79EFBC}") = "Assembly-CSharp", "Assembly-CSharp.csproj", "{55B10B66-4DFF-5909-D143-923AC63BC2F3}"
EndProject
Project("{FAE04EC0-301F-11D3-BF4B-00C04F79EFBC}") = "AstarPathfindingProject", "AstarPathfindingProject.csproj", "{05798253-9734-446C-FAD1-75017253CA9B}"
EndProject
Project("{FAE04EC0-301F-11D3-BF4B-00C04F79EFBC}") = "AstarPathfindingProjectEditor", "AstarPathfindingProjectEditor.csproj", "{98B6DAC9-18AE-4005-53DE-771A165A2338}"
EndProject
Project("{FAE04EC0-301F-11D3-BF4B-00C04F79EFBC}") = "PackageToolsEditor", "PackageToolsEditor.csproj", "{9ACC658A-2D1B-17FB-8A28-E25F8EC4801D}"
EndProject
Global
	GlobalSection(SolutionConfigurationPlatforms) = preSolution
		Debug|Any CPU = Debug|Any CPU
		Release|Any CPU = Release|Any CPU
	EndGlobalSection
	GlobalSection(ProjectConfigurationPlatforms) = postSolution
		{55B10B66-4DFF-5909-D143-923AC63BC2F3}.Debug|Any CPU.ActiveCfg = Debug|Any CPU
		{55B10B66-4DFF-5909-D143-923AC63BC2F3}.Debug|Any CPU.Build.0 = Debug|Any CPU
		{55B10B66-4DFF-5909-D143-923AC63BC2F3}.Release|Any CPU.ActiveCfg = Release|Any CPU
		{55B10B66-4DFF-5909-D143-923AC63BC2F3}.Release|Any CPU.Build.0 = Release|Any CPU
		{05798253-9734-446C-FAD1-75017253CA9B}.Debug|Any CPU.ActiveCfg = Debug|Any CPU
		{05798253-9734-446C-FAD1-75017253CA9B}.Debug|Any CPU.Build.0 = Debug|Any CPU
		{05798253-9734-446C-FAD1-75017253CA9B}.Release|Any CPU.ActiveCfg = Release|Any CPU
		{05798253-9734-446C-FAD1-75017253CA9B}.Release|Any CPU.Build.0 = Release|Any CPU
		{98B6DAC9-18AE-4005-53DE-771A165A2338}.Debug|Any CPU.ActiveCfg = Debug|Any CPU
		{98B6DAC9-18AE-4005-53DE-771A165A2338}.Debug|Any CPU.Build.0 = Debug|Any CPU
		{98B6DAC9-18AE-4005-53DE-771A165A2338}.Release|Any CPU.ActiveCfg = Release|Any CPU
		{98B6DAC9-18AE-4005-53DE-771A165A2338}.Release|Any CPU.Build.0 = Release|Any CPU
		{9ACC658A-2D1B-17FB-8A28-E25F8EC4801D}.Debug|Any CPU.ActiveCfg = Debug|Any CPU
		{9ACC658A-2D1B-17FB-8A28-E25F8EC4801D}.Debug|Any CPU.Build.0 = Debug|Any CPU
		{9ACC658A-2D1B-17FB-8A28-E25F8EC4801D}.Release|Any CPU.ActiveCfg = Release|Any CPU
		{9ACC658A-2D1B-17FB-8A28-E25F8EC4801D}.Release|Any CPU.Build.0 = Release|Any CPU
	EndGlobalSection
	GlobalSection(SolutionProperties) = preSolution
		HideSolutionNode = FALSE
	EndGlobalSection
EndGlobal
